
Microsoft Visual Studio Solution File, Format Version 12.00
# Visual Studio 15
VisualStudioVersion = 15.0.27130.2036
MinimumVisualStudioVersion = 10.0.40219.1
Project("{FAE04EC0-301F-11D3-BF4B-00C04F79EFBC}") = "MyWebAPI", "MyWebAPI\MyWebAPI.csproj", "{35C5B037-203A-4DF5-B645-73D1EC28A118}"
EndProject
Global
	GlobalSection(SolutionConfigurationPlatforms) = preSolution
		Debug|Any CPU = Debug|Any CPU
		Release|Any CPU = Release|Any CPU
	EndGlobalSection
	GlobalSection(ProjectConfigurationPlatforms) = postSolution
		{35C5B037-203A-4DF5-B645-73D1EC28A118}.Debug|Any CPU.ActiveCfg = Debug|Any CPU
		{35C5B037-203A-4DF5-B645-73D1EC28A118}.Debug|Any CPU.Build.0 = Debug|Any CPU
		{35C5B037-203A-4DF5-B645-73D1EC28A118}.Release|Any CPU.ActiveCfg = Release|Any CPU
		{35C5B037-203A-4DF5-B645-73D1EC28A118}.Release|Any CPU.Build.0 = Release|Any CPU
	EndGlobalSection
	GlobalSection(SolutionProperties) = preSolution
		HideSolutionNode = FALSE
	EndGlobalSection
	GlobalSection(ExtensibilityGlobals) = postSolution
		SolutionGuid = {19227676-E85E-4691-9A8E-A97526D0326A}
	EndGlobalSection
EndGlobal
